
Microsoft Visual Studio Solution File, Format Version 11.00
# Visual Studio 2010
Project("{FAE04EC0-301F-11D3-BF4B-00C04F79EFBC}") = "Prodaja_karata", "Prodaja_karata\Prodaja_karata.csproj", "{2B167376-5A7C-4882-ACA9-517888674572}"
EndProject
Global
	GlobalSection(SolutionConfigurationPlatforms) = preSolution
		Debug|x86 = Debug|x86
		Release|x86 = Release|x86
	EndGlobalSection
	GlobalSection(ProjectConfigurationPlatforms) = postSolution
		{2B167376-5A7C-4882-ACA9-517888674572}.Debug|x86.ActiveCfg = Debug|x86
		{2B167376-5A7C-4882-ACA9-517888674572}.Debug|x86.Build.0 = Debug|x86
		{2B167376-5A7C-4882-ACA9-517888674572}.Release|x86.ActiveCfg = Release|x86
		{2B167376-5A7C-4882-ACA9-517888674572}.Release|x86.Build.0 = Release|x86
	EndGlobalSection
	GlobalSection(SolutionProperties) = preSolution
		HideSolutionNode = FALSE
	EndGlobalSection
EndGlobal
