
Microsoft Visual Studio Solution File, Format Version 11.00
# Visual Studio 2010
Project("{FAE04EC0-301F-11D3-BF4B-00C04F79EFBC}") = "Kontakti", "Kontakti\Kontakti.csproj", "{E55022B0-4785-4846-8949-0FFD344642E8}"
EndProject
Global
	GlobalSection(SolutionConfigurationPlatforms) = preSolution
		Debug|x86 = Debug|x86
		Release|x86 = Release|x86
	EndGlobalSection
	GlobalSection(ProjectConfigurationPlatforms) = postSolution
		{E55022B0-4785-4846-8949-0FFD344642E8}.Debug|x86.ActiveCfg = Debug|x86
		{E55022B0-4785-4846-8949-0FFD344642E8}.Debug|x86.Build.0 = Debug|x86
		{E55022B0-4785-4846-8949-0FFD344642E8}.Release|x86.ActiveCfg = Release|x86
		{E55022B0-4785-4846-8949-0FFD344642E8}.Release|x86.Build.0 = Release|x86
	EndGlobalSection
	GlobalSection(SolutionProperties) = preSolution
		HideSolutionNode = FALSE
	EndGlobalSection
EndGlobal
